
Microsoft Visual Studio Solution File, Format Version 12.00
# Visual Studio 2012
Project("{FAE04EC0-301F-11D3-BF4B-00C04F79EFBC}") = "Binäärilaskukone", "Binäärilaskukone\Binäärilaskukone.csproj", "{EBACF5AC-A423-448A-A1DB-F9245A5F46F9}"
EndProject
Project("{FAE04EC0-301F-11D3-BF4B-00C04F79EFBC}") = "MathLibrary", "MathLibrary\MathLibrary.csproj", "{3B2AD963-3A1B-4309-A957-88249AE3F998}"
EndProject
Global
	GlobalSection(SolutionConfigurationPlatforms) = preSolution
		Debug|Any CPU = Debug|Any CPU
		Release|Any CPU = Release|Any CPU
	EndGlobalSection
	GlobalSection(ProjectConfigurationPlatforms) = postSolution
		{EBACF5AC-A423-448A-A1DB-F9245A5F46F9}.Debug|Any CPU.ActiveCfg = Debug|Any CPU
		{EBACF5AC-A423-448A-A1DB-F9245A5F46F9}.Debug|Any CPU.Build.0 = Debug|Any CPU
		{EBACF5AC-A423-448A-A1DB-F9245A5F46F9}.Release|Any CPU.ActiveCfg = Release|Any CPU
		{EBACF5AC-A423-448A-A1DB-F9245A5F46F9}.Release|Any CPU.Build.0 = Release|Any CPU
		{3B2AD963-3A1B-4309-A957-88249AE3F998}.Debug|Any CPU.ActiveCfg = Debug|Any CPU
		{3B2AD963-3A1B-4309-A957-88249AE3F998}.Debug|Any CPU.Build.0 = Debug|Any CPU
		{3B2AD963-3A1B-4309-A957-88249AE3F998}.Release|Any CPU.ActiveCfg = Release|Any CPU
		{3B2AD963-3A1B-4309-A957-88249AE3F998}.Release|Any CPU.Build.0 = Release|Any CPU
	EndGlobalSection
	GlobalSection(SolutionProperties) = preSolution
		HideSolutionNode = FALSE
	EndGlobalSection
EndGlobal
